{
    "name": "operator-overloadjs",
    "version": "1.0.0",
    "lockfileVersion": 2,
    "requires": true,
    "packages": {
        "": {
            "name": "operator-overloadjs",
            "version": "1.0.0",
            "license": "MIT",
            "dependencies": {
                "antlr4": "^4.9.3",
                "fs": "^0.0.1-security"
            },
            "bin": {
                "overload": "transpile.js"
            }
        },
        "node_modules/antlr4": {
            "version": "4.9.3",
            "resolved": "https://registry.npmjs.org/antlr4/-/antlr4-4.9.3.tgz",
            "integrity": "sha512-qNy2odgsa0skmNMCuxzXhM4M8J1YDaPv3TI+vCdnOAanu0N982wBrSqziDKRDctEZLZy9VffqIZXc0UGjjSP/g==",
            "engines": {
                "node": ">=14"
            }
        },
        "node_modules/fs": {
            "version": "0.0.1-security",
            "resolved": "https://registry.npmjs.org/fs/-/fs-0.0.1-security.tgz",
            "integrity": "sha1-invTcYa23d84E/I4WLV+yq9eQdQ="
        }
    },
    "dependencies": {
        "antlr4": {
            "version": "4.9.3",
            "resolved": "https://registry.npmjs.org/antlr4/-/antlr4-4.9.3.tgz",
            "integrity": "sha512-qNy2odgsa0skmNMCuxzXhM4M8J1YDaPv3TI+vCdnOAanu0N982wBrSqziDKRDctEZLZy9VffqIZXc0UGjjSP/g=="
        },
        "fs": {
            "version": "0.0.1-security",
            "resolved": "https://registry.npmjs.org/fs/-/fs-0.0.1-security.tgz",
            "integrity": "sha1-invTcYa23d84E/I4WLV+yq9eQdQ="
        }
    }
}
